
Microsoft Visual Studio Solution File, Format Version 12.00
# Visual Studio 2012
Project("{FAE04EC0-301F-11D3-BF4B-00C04F79EFBC}") = "02. PayrollSystems", "PayrollSystems\02. PayrollSystems.csproj", "{1B96F2F1-3E6D-4173-82E5-AF35BB8D6FC1}"
EndProject
Project("{FAE04EC0-301F-11D3-BF4B-00C04F79EFBC}") = "01. DeliveryServices", "DeliveryServices\01. DeliveryServices.csproj", "{BF03CEA0-26C7-49FC-9FDC-E43BB7915A00}"
EndProject
Global
	GlobalSection(SolutionConfigurationPlatforms) = preSolution
		Debug|Any CPU = Debug|Any CPU
		Release|Any CPU = Release|Any CPU
	EndGlobalSection
	GlobalSection(ProjectConfigurationPlatforms) = postSolution
		{1B96F2F1-3E6D-4173-82E5-AF35BB8D6FC1}.Debug|Any CPU.ActiveCfg = Debug|Any CPU
		{1B96F2F1-3E6D-4173-82E5-AF35BB8D6FC1}.Debug|Any CPU.Build.0 = Debug|Any CPU
		{1B96F2F1-3E6D-4173-82E5-AF35BB8D6FC1}.Release|Any CPU.ActiveCfg = Release|Any CPU
		{1B96F2F1-3E6D-4173-82E5-AF35BB8D6FC1}.Release|Any CPU.Build.0 = Release|Any CPU
		{BF03CEA0-26C7-49FC-9FDC-E43BB7915A00}.Debug|Any CPU.ActiveCfg = Debug|Any CPU
		{BF03CEA0-26C7-49FC-9FDC-E43BB7915A00}.Debug|Any CPU.Build.0 = Debug|Any CPU
		{BF03CEA0-26C7-49FC-9FDC-E43BB7915A00}.Release|Any CPU.ActiveCfg = Release|Any CPU
		{BF03CEA0-26C7-49FC-9FDC-E43BB7915A00}.Release|Any CPU.Build.0 = Release|Any CPU
	EndGlobalSection
	GlobalSection(SolutionProperties) = preSolution
		HideSolutionNode = FALSE
	EndGlobalSection
EndGlobal
