
Microsoft Visual Studio Solution File, Format Version 12.00
# Visual Studio 2013
Project("{FAE04EC0-301F-11D3-BF4B-00C04F79EFBC}") = "01. ListOfLetters", "ListOfLetters\01. ListOfLetters.csproj", "{24139D45-C375-48CC-85A3-714B52E0C6A9}"
EndProject
Project("{FAE04EC0-301F-11D3-BF4B-00C04F79EFBC}") = "02. Account", "Account\02. Account.csproj", "{5E1BCBA2-8801-41AB-9F43-6F0209FE1D86}"
EndProject
Global
	GlobalSection(SolutionConfigurationPlatforms) = preSolution
		Debug|Any CPU = Debug|Any CPU
		Release|Any CPU = Release|Any CPU
	EndGlobalSection
	GlobalSection(ProjectConfigurationPlatforms) = postSolution
		{24139D45-C375-48CC-85A3-714B52E0C6A9}.Debug|Any CPU.ActiveCfg = Debug|Any CPU
		{24139D45-C375-48CC-85A3-714B52E0C6A9}.Debug|Any CPU.Build.0 = Debug|Any CPU
		{24139D45-C375-48CC-85A3-714B52E0C6A9}.Release|Any CPU.ActiveCfg = Release|Any CPU
		{24139D45-C375-48CC-85A3-714B52E0C6A9}.Release|Any CPU.Build.0 = Release|Any CPU
		{5E1BCBA2-8801-41AB-9F43-6F0209FE1D86}.Debug|Any CPU.ActiveCfg = Debug|Any CPU
		{5E1BCBA2-8801-41AB-9F43-6F0209FE1D86}.Debug|Any CPU.Build.0 = Debug|Any CPU
		{5E1BCBA2-8801-41AB-9F43-6F0209FE1D86}.Release|Any CPU.ActiveCfg = Release|Any CPU
		{5E1BCBA2-8801-41AB-9F43-6F0209FE1D86}.Release|Any CPU.Build.0 = Release|Any CPU
	EndGlobalSection
	GlobalSection(SolutionProperties) = preSolution
		HideSolutionNode = FALSE
	EndGlobalSection
EndGlobal
