
Microsoft Visual Studio Solution File, Format Version 12.00
# Visual Studio 2013
VisualStudioVersion = 12.0.30723.0
MinimumVisualStudioVersion = 10.0.40219.1
Project("{FAE04EC0-301F-11D3-BF4B-00C04F79EFBC}") = "01. HardwareStore", "HardwareStore\01. HardwareStore.csproj", "{9DA94672-DD69-41B2-A849-7557FC646CC9}"
EndProject
Project("{FAE04EC0-301F-11D3-BF4B-00C04F79EFBC}") = "02. SellsThreeProducts", "SellsThreeProducts\02. SellsThreeProducts.csproj", "{415669EF-F95A-4801-8D4A-38B07C9649EE}"
EndProject
Global
	GlobalSection(SolutionConfigurationPlatforms) = preSolution
		Debug|Any CPU = Debug|Any CPU
		Release|Any CPU = Release|Any CPU
	EndGlobalSection
	GlobalSection(ProjectConfigurationPlatforms) = postSolution
		{9DA94672-DD69-41B2-A849-7557FC646CC9}.Debug|Any CPU.ActiveCfg = Debug|Any CPU
		{9DA94672-DD69-41B2-A849-7557FC646CC9}.Debug|Any CPU.Build.0 = Debug|Any CPU
		{9DA94672-DD69-41B2-A849-7557FC646CC9}.Release|Any CPU.ActiveCfg = Release|Any CPU
		{9DA94672-DD69-41B2-A849-7557FC646CC9}.Release|Any CPU.Build.0 = Release|Any CPU
		{415669EF-F95A-4801-8D4A-38B07C9649EE}.Debug|Any CPU.ActiveCfg = Debug|Any CPU
		{415669EF-F95A-4801-8D4A-38B07C9649EE}.Debug|Any CPU.Build.0 = Debug|Any CPU
		{415669EF-F95A-4801-8D4A-38B07C9649EE}.Release|Any CPU.ActiveCfg = Release|Any CPU
		{415669EF-F95A-4801-8D4A-38B07C9649EE}.Release|Any CPU.Build.0 = Release|Any CPU
	EndGlobalSection
	GlobalSection(SolutionProperties) = preSolution
		HideSolutionNode = FALSE
	EndGlobalSection
EndGlobal
