
Microsoft Visual Studio Solution File, Format Version 12.00
# Visual Studio 2012
Project("{FAE04EC0-301F-11D3-BF4B-00C04F79EFBC}") = "Task1", "Task1\Task1.csproj", "{03DD91DB-D8E0-4210-9E5D-AF1755569FF0}"
EndProject
Project("{FAE04EC0-301F-11D3-BF4B-00C04F79EFBC}") = "Task2", "Task2\Task2.csproj", "{98A1796D-FB6A-4E82-8515-2AE9C551B407}"
EndProject
Global
	GlobalSection(SolutionConfigurationPlatforms) = preSolution
		Debug|Any CPU = Debug|Any CPU
		Release|Any CPU = Release|Any CPU
	EndGlobalSection
	GlobalSection(ProjectConfigurationPlatforms) = postSolution
		{03DD91DB-D8E0-4210-9E5D-AF1755569FF0}.Debug|Any CPU.ActiveCfg = Debug|Any CPU
		{03DD91DB-D8E0-4210-9E5D-AF1755569FF0}.Debug|Any CPU.Build.0 = Debug|Any CPU
		{03DD91DB-D8E0-4210-9E5D-AF1755569FF0}.Release|Any CPU.ActiveCfg = Release|Any CPU
		{03DD91DB-D8E0-4210-9E5D-AF1755569FF0}.Release|Any CPU.Build.0 = Release|Any CPU
		{98A1796D-FB6A-4E82-8515-2AE9C551B407}.Debug|Any CPU.ActiveCfg = Debug|Any CPU
		{98A1796D-FB6A-4E82-8515-2AE9C551B407}.Debug|Any CPU.Build.0 = Debug|Any CPU
		{98A1796D-FB6A-4E82-8515-2AE9C551B407}.Release|Any CPU.ActiveCfg = Release|Any CPU
		{98A1796D-FB6A-4E82-8515-2AE9C551B407}.Release|Any CPU.Build.0 = Release|Any CPU
	EndGlobalSection
	GlobalSection(SolutionProperties) = preSolution
		HideSolutionNode = FALSE
	EndGlobalSection
EndGlobal
