
Microsoft Visual Studio Solution File, Format Version 12.00
# Visual Studio 2012
Project("{FAE04EC0-301F-11D3-BF4B-00C04F79EFBC}") = "03. ParkinigGarageFee", "ParkinigGarageFee\03. ParkinigGarageFee.csproj", "{25539B74-DF6A-4D7B-80F3-4CC074319E02}"
EndProject
Project("{FAE04EC0-301F-11D3-BF4B-00C04F79EFBC}") = "04. !!! SalesReport", "SalesReport\04. !!! SalesReport.csproj", "{92A74057-5C2E-4854-82F2-16D5CD89D755}"
EndProject
Project("{FAE04EC0-301F-11D3-BF4B-00C04F79EFBC}") = "01. Sphere", "Sphere\01. Sphere.csproj", "{B335BEE3-3A47-4022-8344-6BA3D465B8BD}"
EndProject
Project("{FAE04EC0-301F-11D3-BF4B-00C04F79EFBC}") = "02. SalesCommissions", "SalesCommissions\02. SalesCommissions.csproj", "{625DA99C-5F03-4497-885C-EDB5A3CBB157}"
EndProject
Global
	GlobalSection(SolutionConfigurationPlatforms) = preSolution
		Debug|Any CPU = Debug|Any CPU
		Release|Any CPU = Release|Any CPU
	EndGlobalSection
	GlobalSection(ProjectConfigurationPlatforms) = postSolution
		{25539B74-DF6A-4D7B-80F3-4CC074319E02}.Debug|Any CPU.ActiveCfg = Debug|Any CPU
		{25539B74-DF6A-4D7B-80F3-4CC074319E02}.Debug|Any CPU.Build.0 = Debug|Any CPU
		{25539B74-DF6A-4D7B-80F3-4CC074319E02}.Release|Any CPU.ActiveCfg = Release|Any CPU
		{25539B74-DF6A-4D7B-80F3-4CC074319E02}.Release|Any CPU.Build.0 = Release|Any CPU
		{92A74057-5C2E-4854-82F2-16D5CD89D755}.Debug|Any CPU.ActiveCfg = Debug|Any CPU
		{92A74057-5C2E-4854-82F2-16D5CD89D755}.Debug|Any CPU.Build.0 = Debug|Any CPU
		{92A74057-5C2E-4854-82F2-16D5CD89D755}.Release|Any CPU.ActiveCfg = Release|Any CPU
		{92A74057-5C2E-4854-82F2-16D5CD89D755}.Release|Any CPU.Build.0 = Release|Any CPU
		{B335BEE3-3A47-4022-8344-6BA3D465B8BD}.Debug|Any CPU.ActiveCfg = Debug|Any CPU
		{B335BEE3-3A47-4022-8344-6BA3D465B8BD}.Debug|Any CPU.Build.0 = Debug|Any CPU
		{B335BEE3-3A47-4022-8344-6BA3D465B8BD}.Release|Any CPU.ActiveCfg = Release|Any CPU
		{B335BEE3-3A47-4022-8344-6BA3D465B8BD}.Release|Any CPU.Build.0 = Release|Any CPU
		{625DA99C-5F03-4497-885C-EDB5A3CBB157}.Debug|Any CPU.ActiveCfg = Debug|Any CPU
		{625DA99C-5F03-4497-885C-EDB5A3CBB157}.Debug|Any CPU.Build.0 = Debug|Any CPU
		{625DA99C-5F03-4497-885C-EDB5A3CBB157}.Release|Any CPU.ActiveCfg = Release|Any CPU
		{625DA99C-5F03-4497-885C-EDB5A3CBB157}.Release|Any CPU.Build.0 = Release|Any CPU
	EndGlobalSection
	GlobalSection(SolutionProperties) = preSolution
		HideSolutionNode = FALSE
	EndGlobalSection
EndGlobal
